{
  "requires": true,
  "lockfileVersion": 1,
  "dependencies": {
    "playwright": {
      "version": "1.26.0",
      "resolved": "https://registry.npmjs.org/playwright/-/playwright-1.26.0.tgz",
      "integrity": "sha512-XxTVlvFEYHdatxUkh1KiPq9BclNtFKMi3BgQnl/aactmhN4G9AkZUXwt0ck6NDAOrDFlfibhbM7A1kZwQJKSBw==",
      "requires": {
        "playwright-core": "1.26.0"
      },
      "dependencies": {
        "playwright-core": {
          "version": "1.26.0",
          "resolved": "https://registry.npmjs.org/playwright-core/-/playwright-core-1.26.0.tgz",
          "integrity": "sha512-p8huU8eU4gD3VkJd3DA1nA7R3XA6rFvFL+1RYS96cSljCF2yJE9CWEHTPF4LqX8KN9MoWCrAfVKP5381X3CZqg=="
        }
      }
    }
  }
}
